
Microsoft Visual Studio Solution File, Format Version 12.00
# Visual Studio Version 16
VisualStudioVersion = 16.0.30225.117
MinimumVisualStudioVersion = 10.0.40219.1
Project("{FAE04EC0-301F-11D3-BF4B-00C04F79EFBC}") = "DADLHRSolution.WebApp", "DADLHRSolution.WebApp\DADLHRSolution.WebApp.csproj", "{B6F5E8B8-31FD-41E7-BE9C-4A2845FFFFDA}"
EndProject
Global
	GlobalSection(SolutionConfigurationPlatforms) = preSolution
		Debug|Any CPU = Debug|Any CPU
		Release|Any CPU = Release|Any CPU
	EndGlobalSection
	GlobalSection(ProjectConfigurationPlatforms) = postSolution
		{B6F5E8B8-31FD-41E7-BE9C-4A2845FFFFDA}.Debug|Any CPU.ActiveCfg = Debug|Any CPU
		{B6F5E8B8-31FD-41E7-BE9C-4A2845FFFFDA}.Debug|Any CPU.Build.0 = Debug|Any CPU
		{B6F5E8B8-31FD-41E7-BE9C-4A2845FFFFDA}.Release|Any CPU.ActiveCfg = Release|Any CPU
		{B6F5E8B8-31FD-41E7-BE9C-4A2845FFFFDA}.Release|Any CPU.Build.0 = Release|Any CPU
	EndGlobalSection
	GlobalSection(SolutionProperties) = preSolution
		HideSolutionNode = FALSE
	EndGlobalSection
	GlobalSection(ExtensibilityGlobals) = postSolution
		SolutionGuid = {5643CD78-9794-4104-8C3C-FDD0D8D0C7A3}
	EndGlobalSection
EndGlobal
